// !$*UTF8*$!
{
	archiveVersion = 1;
	classes = {
	};
	objectVersion = 56;
	objects = {

/* Begin PBXBuildFile section */
		5A45513900E033C165238D67 /* Pods_UserSearch_UserSearchUITests.framework in Frameworks */ = {isa = PBXBuildFile; fileRef = 1BB7BAB01FD7B14AC55B4781 /* Pods_UserSearch_UserSearchUITests.framework */; };
		A37E784CAF4BCC50A15FD1AA /* Pods_UserSearch.framework in Frameworks */ = {isa = PBXBuildFile; fileRef = B517F3CC703C9798CDA4A4EE /* Pods_UserSearch.framework */; };
		BFA4B3A41040DEB8544C2E48 /* Pods_UserSearchTests.framework in Frameworks */ = {isa = PBXBuildFile; fileRef = 9B0AA1DCDB7664CFF7443502 /* Pods_UserSearchTests.framework */; };
		F90716252A975E7E00F61631 /* AppDelegate.swift in Sources */ = {isa = PBXBuildFile; fileRef = F90716242A975E7E00F61631 /* AppDelegate.swift */; };
		F90716272A975E7E00F61631 /* SceneDelegate.swift in Sources */ = {isa = PBXBuildFile; fileRef = F90716262A975E7E00F61631 /* SceneDelegate.swift */; };
		F907162E2A975E8000F61631 /* Assets.xcassets in Resources */ = {isa = PBXBuildFile; fileRef = F907162D2A975E8000F61631 /* Assets.xcassets */; };
		F90716312A975E8000F61631 /* LaunchScreen.storyboard in Resources */ = {isa = PBXBuildFile; fileRef = F907162F2A975E8000F61631 /* LaunchScreen.storyboard */; };
		F907163C2A975E8000F61631 /* UserSearchTests.swift in Sources */ = {isa = PBXBuildFile; fileRef = F907163B2A975E8000F61631 /* UserSearchTests.swift */; };
		F90716462A975E8000F61631 /* UserSearchUITests.swift in Sources */ = {isa = PBXBuildFile; fileRef = F90716452A975E8000F61631 /* UserSearchUITests.swift */; };
		F90716482A975E8000F61631 /* UserSearchUITestsLaunchTests.swift in Sources */ = {isa = PBXBuildFile; fileRef = F90716472A975E8000F61631 /* UserSearchUITestsLaunchTests.swift */; };
		F93CF8FF2A97626500086004 /* Home.storyboard in Resources */ = {isa = PBXBuildFile; fileRef = F93CF8FE2A97626500086004 /* Home.storyboard */; };
		F93CF9022A9764AE00086004 /* Main.storyboard in Resources */ = {isa = PBXBuildFile; fileRef = F93CF9002A9764AD00086004 /* Main.storyboard */; };
		F93CF9072A97680400086004 /* UserListViewController.swift in Sources */ = {isa = PBXBuildFile; fileRef = F93CF9062A97680400086004 /* UserListViewController.swift */; };
		F93CF9092A97685200086004 /* BookmarksViewController.swift in Sources */ = {isa = PBXBuildFile; fileRef = F93CF9082A97685200086004 /* BookmarksViewController.swift */; };
		F93CF90B2A9768CA00086004 /* HomeViewController.swift in Sources */ = {isa = PBXBuildFile; fileRef = F93CF90A2A9768CA00086004 /* HomeViewController.swift */; };
		F93CF90D2A9769AD00086004 /* User.swift in Sources */ = {isa = PBXBuildFile; fileRef = F93CF90C2A9769AD00086004 /* User.swift */; };
/* End PBXBuildFile section */

/* Begin PBXContainerItemProxy section */
		F90716382A975E8000F61631 /* PBXContainerItemProxy */ = {
			isa = PBXContainerItemProxy;
			containerPortal = F90716192A975E7E00F61631 /* Project object */;
			proxyType = 1;
			remoteGlobalIDString = F90716202A975E7E00F61631;
			remoteInfo = UserSearch;
		};
		F90716422A975E8000F61631 /* PBXContainerItemProxy */ = {
			isa = PBXContainerItemProxy;
			containerPortal = F90716192A975E7E00F61631 /* Project object */;
			proxyType = 1;
			remoteGlobalIDString = F90716202A975E7E00F61631;
			remoteInfo = UserSearch;
		};
/* End PBXContainerItemProxy section */

/* Begin PBXFileReference section */
		05C4B66533517BDCE88A9527 /* Pods-UserSearchTests.release.xcconfig */ = {isa = PBXFileReference; includeInIndex = 1; lastKnownFileType = text.xcconfig; name = "Pods-UserSearchTests.release.xcconfig"; path = "Target Support Files/Pods-UserSearchTests/Pods-UserSearchTests.release.xcconfig"; sourceTree = "<group>"; };
		1BB7BAB01FD7B14AC55B4781 /* Pods_UserSearch_UserSearchUITests.framework */ = {isa = PBXFileReference; explicitFileType = wrapper.framework; includeInIndex = 0; path = Pods_UserSearch_UserSearchUITests.framework; sourceTree = BUILT_PRODUCTS_DIR; };
		248921AC82B75CF4B9264D2E /* Pods-UserSearch.debug.xcconfig */ = {isa = PBXFileReference; includeInIndex = 1; lastKnownFileType = text.xcconfig; name = "Pods-UserSearch.debug.xcconfig"; path = "Target Support Files/Pods-UserSearch/Pods-UserSearch.debug.xcconfig"; sourceTree = "<group>"; };
		26B72136E2903C04FE8C27E9 /* Pods-UserSearch.release.xcconfig */ = {isa = PBXFileReference; includeInIndex = 1; lastKnownFileType = text.xcconfig; name = "Pods-UserSearch.release.xcconfig"; path = "Target Support Files/Pods-UserSearch/Pods-UserSearch.release.xcconfig"; sourceTree = "<group>"; };
		316FD3B426A2C125DD6C9C8D /* Pods-UserSearch-UserSearchUITests.release.xcconfig */ = {isa = PBXFileReference; includeInIndex = 1; lastKnownFileType = text.xcconfig; name = "Pods-UserSearch-UserSearchUITests.release.xcconfig"; path = "Target Support Files/Pods-UserSearch-UserSearchUITests/Pods-UserSearch-UserSearchUITests.release.xcconfig"; sourceTree = "<group>"; };
		9B0AA1DCDB7664CFF7443502 /* Pods_UserSearchTests.framework */ = {isa = PBXFileReference; explicitFileType = wrapper.framework; includeInIndex = 0; path = Pods_UserSearchTests.framework; sourceTree = BUILT_PRODUCTS_DIR; };
		B517F3CC703C9798CDA4A4EE /* Pods_UserSearch.framework */ = {isa = PBXFileReference; explicitFileType = wrapper.framework; includeInIndex = 0; path = Pods_UserSearch.framework; sourceTree = BUILT_PRODUCTS_DIR; };
		C275A6D11CE8D446E790AA28 /* Pods-UserSearchTests.debug.xcconfig */ = {isa = PBXFileReference; includeInIndex = 1; lastKnownFileType = text.xcconfig; name = "Pods-UserSearchTests.debug.xcconfig"; path = "Target Support Files/Pods-UserSearchTests/Pods-UserSearchTests.debug.xcconfig"; sourceTree = "<group>"; };
		F90716212A975E7E00F61631 /* UserSearch.app */ = {isa = PBXFileReference; explicitFileType = wrapper.application; includeInIndex = 0; path = UserSearch.app; sourceTree = BUILT_PRODUCTS_DIR; };
		F90716242A975E7E00F61631 /* AppDelegate.swift */ = {isa = PBXFileReference; lastKnownFileType = sourcecode.swift; path = AppDelegate.swift; sourceTree = "<group>"; };
		F90716262A975E7E00F61631 /* SceneDelegate.swift */ = {isa = PBXFileReference; lastKnownFileType = sourcecode.swift; path = SceneDelegate.swift; sourceTree = "<group>"; };
		F907162D2A975E8000F61631 /* Assets.xcassets */ = {isa = PBXFileReference; lastKnownFileType = folder.assetcatalog; path = Assets.xcassets; sourceTree = "<group>"; };
		F90716302A975E8000F61631 /* Base */ = {isa = PBXFileReference; lastKnownFileType = file.storyboard; name = Base; path = Base.lproj/LaunchScreen.storyboard; sourceTree = "<group>"; };
		F90716322A975E8000F61631 /* Info.plist */ = {isa = PBXFileReference; lastKnownFileType = text.plist.xml; path = Info.plist; sourceTree = "<group>"; };
		F90716372A975E8000F61631 /* UserSearchTests.xctest */ = {isa = PBXFileReference; explicitFileType = wrapper.cfbundle; includeInIndex = 0; path = UserSearchTests.xctest; sourceTree = BUILT_PRODUCTS_DIR; };
		F907163B2A975E8000F61631 /* UserSearchTests.swift */ = {isa = PBXFileReference; lastKnownFileType = sourcecode.swift; path = UserSearchTests.swift; sourceTree = "<group>"; };
		F90716412A975E8000F61631 /* UserSearchUITests.xctest */ = {isa = PBXFileReference; explicitFileType = wrapper.cfbundle; includeInIndex = 0; path = UserSearchUITests.xctest; sourceTree = BUILT_PRODUCTS_DIR; };
		F90716452A975E8000F61631 /* UserSearchUITests.swift */ = {isa = PBXFileReference; lastKnownFileType = sourcecode.swift; path = UserSearchUITests.swift; sourceTree = "<group>"; };
		F90716472A975E8000F61631 /* UserSearchUITestsLaunchTests.swift */ = {isa = PBXFileReference; lastKnownFileType = sourcecode.swift; path = UserSearchUITestsLaunchTests.swift; sourceTree = "<group>"; };
		F93CF8FE2A97626500086004 /* Home.storyboard */ = {isa = PBXFileReference; lastKnownFileType = file.storyboard; path = Home.storyboard; sourceTree = "<group>"; };
		F93CF9012A9764AD00086004 /* Base */ = {isa = PBXFileReference; lastKnownFileType = file.storyboard; name = Base; path = Base.lproj/Main.storyboard; sourceTree = "<group>"; };
		F93CF9062A97680400086004 /* UserListViewController.swift */ = {isa = PBXFileReference; lastKnownFileType = sourcecode.swift; path = UserListViewController.swift; sourceTree = "<group>"; };
		F93CF9082A97685200086004 /* BookmarksViewController.swift */ = {isa = PBXFileReference; lastKnownFileType = sourcecode.swift; path = BookmarksViewController.swift; sourceTree = "<group>"; };
		F93CF90A2A9768CA00086004 /* HomeViewController.swift */ = {isa = PBXFileReference; lastKnownFileType = sourcecode.swift; path = HomeViewController.swift; sourceTree = "<group>"; };
		F93CF90C2A9769AD00086004 /* User.swift */ = {isa = PBXFileReference; lastKnownFileType = sourcecode.swift; path = User.swift; sourceTree = "<group>"; };
		FC8EBB272DE714F6D83CADC4 /* Pods-UserSearch-UserSearchUITests.debug.xcconfig */ = {isa = PBXFileReference; includeInIndex = 1; lastKnownFileType = text.xcconfig; name = "Pods-UserSearch-UserSearchUITests.debug.xcconfig"; path = "Target Support Files/Pods-UserSearch-UserSearchUITests/Pods-UserSearch-UserSearchUITests.debug.xcconfig"; sourceTree = "<group>"; };
/* End PBXFileReference section */

/* Begin PBXFrameworksBuildPhase section */
		F907161E2A975E7E00F61631 /* Frameworks */ = {
			isa = PBXFrameworksBuildPhase;
			buildActionMask = 2147483647;
			files = (
				A37E784CAF4BCC50A15FD1AA /* Pods_UserSearch.framework in Frameworks */,
			);
			runOnlyForDeploymentPostprocessing = 0;
		};
		F90716342A975E8000F61631 /* Frameworks */ = {
			isa = PBXFrameworksBuildPhase;
			buildActionMask = 2147483647;
			files = (
				BFA4B3A41040DEB8544C2E48 /* Pods_UserSearchTests.framework in Frameworks */,
			);
			runOnlyForDeploymentPostprocessing = 0;
		};
		F907163E2A975E8000F61631 /* Frameworks */ = {
			isa = PBXFrameworksBuildPhase;
			buildActionMask = 2147483647;
			files = (
				5A45513900E033C165238D67 /* Pods_UserSearch_UserSearchUITests.framework in Frameworks */,
			);
			runOnlyForDeploymentPostprocessing = 0;
		};
/* End PBXFrameworksBuildPhase section */

/* Begin PBXGroup section */
		840AD27683EE7D09E485D2BE /* Pods */ = {
			isa = PBXGroup;
			children = (
				248921AC82B75CF4B9264D2E /* Pods-UserSearch.debug.xcconfig */,
				26B72136E2903C04FE8C27E9 /* Pods-UserSearch.release.xcconfig */,
				FC8EBB272DE714F6D83CADC4 /* Pods-UserSearch-UserSearchUITests.debug.xcconfig */,
				316FD3B426A2C125DD6C9C8D /* Pods-UserSearch-UserSearchUITests.release.xcconfig */,
				C275A6D11CE8D446E790AA28 /* Pods-UserSearchTests.debug.xcconfig */,
				05C4B66533517BDCE88A9527 /* Pods-UserSearchTests.release.xcconfig */,
			);
			name = Pods;
			path = Pods;
			sourceTree = "<group>";
		};
		D8B2A5FDB05F9D89F3FB514D /* Frameworks */ = {
			isa = PBXGroup;
			children = (
				B517F3CC703C9798CDA4A4EE /* Pods_UserSearch.framework */,
				1BB7BAB01FD7B14AC55B4781 /* Pods_UserSearch_UserSearchUITests.framework */,
				9B0AA1DCDB7664CFF7443502 /* Pods_UserSearchTests.framework */,
			);
			name = Frameworks;
			sourceTree = "<group>";
		};
		F90716182A975E7E00F61631 = {
			isa = PBXGroup;
			children = (
				F90716232A975E7E00F61631 /* UserSearch */,
				F907163A2A975E8000F61631 /* UserSearchTests */,
				F90716442A975E8000F61631 /* UserSearchUITests */,
				F90716222A975E7E00F61631 /* Products */,
				840AD27683EE7D09E485D2BE /* Pods */,
				D8B2A5FDB05F9D89F3FB514D /* Frameworks */,
			);
			sourceTree = "<group>";
		};
		F90716222A975E7E00F61631 /* Products */ = {
			isa = PBXGroup;
			children = (
				F90716212A975E7E00F61631 /* UserSearch.app */,
				F90716372A975E8000F61631 /* UserSearchTests.xctest */,
				F90716412A975E8000F61631 /* UserSearchUITests.xctest */,
			);
			name = Products;
			sourceTree = "<group>";
		};
		F90716232A975E7E00F61631 /* UserSearch */ = {
			isa = PBXGroup;
			children = (
				F907165E2A97617200F61631 /* Model */,
				F907165D2A97616800F61631 /* View */,
				F907165C2A97616000F61631 /* Controller */,
				F93CF9032A9765A500086004 /* Helper */,
				F90716242A975E7E00F61631 /* AppDelegate.swift */,
				F90716262A975E7E00F61631 /* SceneDelegate.swift */,
				F907162D2A975E8000F61631 /* Assets.xcassets */,
				F93CF9002A9764AD00086004 /* Main.storyboard */,
				F907162F2A975E8000F61631 /* LaunchScreen.storyboard */,
				F90716322A975E8000F61631 /* Info.plist */,
			);
			path = UserSearch;
			sourceTree = "<group>";
		};
		F907163A2A975E8000F61631 /* UserSearchTests */ = {
			isa = PBXGroup;
			children = (
				F907163B2A975E8000F61631 /* UserSearchTests.swift */,
			);
			path = UserSearchTests;
			sourceTree = "<group>";
		};
		F90716442A975E8000F61631 /* UserSearchUITests */ = {
			isa = PBXGroup;
			children = (
				F90716452A975E8000F61631 /* UserSearchUITests.swift */,
				F90716472A975E8000F61631 /* UserSearchUITestsLaunchTests.swift */,
			);
			path = UserSearchUITests;
			sourceTree = "<group>";
		};
		F907165C2A97616000F61631 /* Controller */ = {
			isa = PBXGroup;
			children = (
				F93CF8FE2A97626500086004 /* Home.storyboard */,
				F93CF9062A97680400086004 /* UserListViewController.swift */,
				F93CF9082A97685200086004 /* BookmarksViewController.swift */,
				F93CF90A2A9768CA00086004 /* HomeViewController.swift */,
			);
			path = Controller;
			sourceTree = "<group>";
		};
		F907165D2A97616800F61631 /* View */ = {
			isa = PBXGroup;
			children = (
			);
			path = View;
			sourceTree = "<group>";
		};
		F907165E2A97617200F61631 /* Model */ = {
			isa = PBXGroup;
			children = (
				F93CF90C2A9769AD00086004 /* User.swift */,
			);
			path = Model;
			sourceTree = "<group>";
		};
		F93CF9032A9765A500086004 /* Helper */ = {
			isa = PBXGroup;
			children = (
			);
			path = Helper;
			sourceTree = "<group>";
		};
/* End PBXGroup section */

/* Begin PBXNativeTarget section */
		F90716202A975E7E00F61631 /* UserSearch */ = {
			isa = PBXNativeTarget;
			buildConfigurationList = F907164B2A975E8000F61631 /* Build configuration list for PBXNativeTarget "UserSearch" */;
			buildPhases = (
				CBB38691FC1DCA37AA0B170E /* [CP] Check Pods Manifest.lock */,
				F907161D2A975E7E00F61631 /* Sources */,
				F907161E2A975E7E00F61631 /* Frameworks */,
				F907161F2A975E7E00F61631 /* Resources */,
			);
			buildRules = (
			);
			dependencies = (
			);
			name = UserSearch;
			productName = UserSearch;
			productReference = F90716212A975E7E00F61631 /* UserSearch.app */;
			productType = "com.apple.product-type.application";
		};
		F90716362A975E8000F61631 /* UserSearchTests */ = {
			isa = PBXNativeTarget;
			buildConfigurationList = F907164E2A975E8000F61631 /* Build configuration list for PBXNativeTarget "UserSearchTests" */;
			buildPhases = (
				DD80A36F46D7A41B7910FA02 /* [CP] Check Pods Manifest.lock */,
				F90716332A975E8000F61631 /* Sources */,
				F90716342A975E8000F61631 /* Frameworks */,
				F90716352A975E8000F61631 /* Resources */,
			);
			buildRules = (
			);
			dependencies = (
				F90716392A975E8000F61631 /* PBXTargetDependency */,
			);
			name = UserSearchTests;
			productName = UserSearchTests;
			productReference = F90716372A975E8000F61631 /* UserSearchTests.xctest */;
			productType = "com.apple.product-type.bundle.unit-test";
		};
		F90716402A975E8000F61631 /* UserSearchUITests */ = {
			isa = PBXNativeTarget;
			buildConfigurationList = F90716512A975E8000F61631 /* Build configuration list for PBXNativeTarget "UserSearchUITests" */;
			buildPhases = (
				AA5E234189EC5C5FC3D65091 /* [CP] Check Pods Manifest.lock */,
				F907163D2A975E8000F61631 /* Sources */,
				F907163E2A975E8000F61631 /* Frameworks */,
				F907163F2A975E8000F61631 /* Resources */,
			);
			buildRules = (
			);
			dependencies = (
				F90716432A975E8000F61631 /* PBXTargetDependency */,
			);
			name = UserSearchUITests;
			productName = UserSearchUITests;
			productReference = F90716412A975E8000F61631 /* UserSearchUITests.xctest */;
			productType = "com.apple.product-type.bundle.ui-testing";
		};
/* End PBXNativeTarget section */

/* Begin PBXProject section */
		F90716192A975E7E00F61631 /* Project object */ = {
			isa = PBXProject;
			attributes = {
				BuildIndependentTargetsInParallel = 1;
				LastSwiftUpdateCheck = 1430;
				LastUpgradeCheck = 1430;
				TargetAttributes = {
					F90716202A975E7E00F61631 = {
						CreatedOnToolsVersion = 14.3.1;
					};
					F90716362A975E8000F61631 = {
						CreatedOnToolsVersion = 14.3.1;
						TestTargetID = F90716202A975E7E00F61631;
					};
					F90716402A975E8000F61631 = {
						CreatedOnToolsVersion = 14.3.1;
						TestTargetID = F90716202A975E7E00F61631;
					};
				};
			};
			buildConfigurationList = F907161C2A975E7E00F61631 /* Build configuration list for PBXProject "UserSearch" */;
			compatibilityVersion = "Xcode 14.0";
			developmentRegion = en;
			hasScannedForEncodings = 0;
			knownRegions = (
				en,
				Base,
			);
			mainGroup = F90716182A975E7E00F61631;
			productRefGroup = F90716222A975E7E00F61631 /* Products */;
			projectDirPath = "";
			projectRoot = "";
			targets = (
				F90716202A975E7E00F61631 /* UserSearch */,
				F90716362A975E8000F61631 /* UserSearchTests */,
				F90716402A975E8000F61631 /* UserSearchUITests */,
			);
		};
/* End PBXProject section */

/* Begin PBXResourcesBuildPhase section */
		F907161F2A975E7E00F61631 /* Resources */ = {
			isa = PBXResourcesBuildPhase;
			buildActionMask = 2147483647;
			files = (
				F93CF8FF2A97626500086004 /* Home.storyboard in Resources */,
				F90716312A975E8000F61631 /* LaunchScreen.storyboard in Resources */,
				F907162E2A975E8000F61631 /* Assets.xcassets in Resources */,
				F93CF9022A9764AE00086004 /* Main.storyboard in Resources */,
			);
			runOnlyForDeploymentPostprocessing = 0;
		};
		F90716352A975E8000F61631 /* Resources */ = {
			isa = PBXResourcesBuildPhase;
			buildActionMask = 2147483647;
			files = (
			);
			runOnlyForDeploymentPostprocessing = 0;
		};
		F907163F2A975E8000F61631 /* Resources */ = {
			isa = PBXResourcesBuildPhase;
			buildActionMask = 2147483647;
			files = (
			);
			runOnlyForDeploymentPostprocessing = 0;
		};
/* End PBXResourcesBuildPhase section */

/* Begin PBXShellScriptBuildPhase section */
		AA5E234189EC5C5FC3D65091 /* [CP] Check Pods Manifest.lock */ = {
			isa = PBXShellScriptBuildPhase;
			buildActionMask = 2147483647;
			files = (
			);
			inputFileListPaths = (
			);
			inputPaths = (
				"${PODS_PODFILE_DIR_PATH}/Podfile.lock",
				"${PODS_ROOT}/Manifest.lock",
			);
			name = "[CP] Check Pods Manifest.lock";
			outputFileListPaths = (
			);
			outputPaths = (
				"$(DERIVED_FILE_DIR)/Pods-UserSearch-UserSearchUITests-checkManifestLockResult.txt",
			);
			runOnlyForDeploymentPostprocessing = 0;
			shellPath = /bin/sh;
			shellScript = "diff \"${PODS_PODFILE_DIR_PATH}/Podfile.lock\" \"${PODS_ROOT}/Manifest.lock\" > /dev/null\nif [ $? != 0 ] ; then\n    # print error to STDERR\n    echo \"error: The sandbox is not in sync with the Podfile.lock. Run 'pod install' or update your CocoaPods installation.\" >&2\n    exit 1\nfi\n# This output is used by Xcode 'outputs' to avoid re-running this script phase.\necho \"SUCCESS\" > \"${SCRIPT_OUTPUT_FILE_0}\"\n";
			showEnvVarsInLog = 0;
		};
		CBB38691FC1DCA37AA0B170E /* [CP] Check Pods Manifest.lock */ = {
			isa = PBXShellScriptBuildPhase;
			buildActionMask = 2147483647;
			files = (
			);
			inputFileListPaths = (
			);
			inputPaths = (
				"${PODS_PODFILE_DIR_PATH}/Podfile.lock",
				"${PODS_ROOT}/Manifest.lock",
			);
			name = "[CP] Check Pods Manifest.lock";
			outputFileListPaths = (
			);
			outputPaths = (
				"$(DERIVED_FILE_DIR)/Pods-UserSearch-checkManifestLockResult.txt",
			);
			runOnlyForDeploymentPostprocessing = 0;
			shellPath = /bin/sh;
			shellScript = "diff \"${PODS_PODFILE_DIR_PATH}/Podfile.lock\" \"${PODS_ROOT}/Manifest.lock\" > /dev/null\nif [ $? != 0 ] ; then\n    # print error to STDERR\n    echo \"error: The sandbox is not in sync with the Podfile.lock. Run 'pod install' or update your CocoaPods installation.\" >&2\n    exit 1\nfi\n# This output is used by Xcode 'outputs' to avoid re-running this script phase.\necho \"SUCCESS\" > \"${SCRIPT_OUTPUT_FILE_0}\"\n";
			showEnvVarsInLog = 0;
		};
		DD80A36F46D7A41B7910FA02 /* [CP] Check Pods Manifest.lock */ = {
			isa = PBXShellScriptBuildPhase;
			buildActionMask = 2147483647;
			files = (
			);
			inputFileListPaths = (
			);
			inputPaths = (
				"${PODS_PODFILE_DIR_PATH}/Podfile.lock",
				"${PODS_ROOT}/Manifest.lock",
			);
			name = "[CP] Check Pods Manifest.lock";
			outputFileListPaths = (
			);
			outputPaths = (
				"$(DERIVED_FILE_DIR)/Pods-UserSearchTests-checkManifestLockResult.txt",
			);
			runOnlyForDeploymentPostprocessing = 0;
			shellPath = /bin/sh;
			shellScript = "diff \"${PODS_PODFILE_DIR_PATH}/Podfile.lock\" \"${PODS_ROOT}/Manifest.lock\" > /dev/null\nif [ $? != 0 ] ; then\n    # print error to STDERR\n    echo \"error: The sandbox is not in sync with the Podfile.lock. Run 'pod install' or update your CocoaPods installation.\" >&2\n    exit 1\nfi\n# This output is used by Xcode 'outputs' to avoid re-running this script phase.\necho \"SUCCESS\" > \"${SCRIPT_OUTPUT_FILE_0}\"\n";
			showEnvVarsInLog = 0;
		};
/* End PBXShellScriptBuildPhase section */

/* Begin PBXSourcesBuildPhase section */
		F907161D2A975E7E00F61631 /* Sources */ = {
			isa = PBXSourcesBuildPhase;
			buildActionMask = 2147483647;
			files = (
				F93CF90B2A9768CA00086004 /* HomeViewController.swift in Sources */,
				F90716252A975E7E00F61631 /* AppDelegate.swift in Sources */,
				F93CF90D2A9769AD00086004 /* User.swift in Sources */,
				F90716272A975E7E00F61631 /* SceneDelegate.swift in Sources */,
				F93CF9072A97680400086004 /* UserListViewController.swift in Sources */,
				F93CF9092A97685200086004 /* BookmarksViewController.swift in Sources */,
			);
			runOnlyForDeploymentPostprocessing = 0;
		};
		F90716332A975E8000F61631 /* Sources */ = {
			isa = PBXSourcesBuildPhase;
			buildActionMask = 2147483647;
			files = (
				F907163C2A975E8000F61631 /* UserSearchTests.swift in Sources */,
			);
			runOnlyForDeploymentPostprocessing = 0;
		};
		F907163D2A975E8000F61631 /* Sources */ = {
			isa = PBXSourcesBuildPhase;
			buildActionMask = 2147483647;
			files = (
				F90716462A975E8000F61631 /* UserSearchUITests.swift in Sources */,
				F90716482A975E8000F61631 /* UserSearchUITestsLaunchTests.swift in Sources */,
			);
			runOnlyForDeploymentPostprocessing = 0;
		};
/* End PBXSourcesBuildPhase section */

/* Begin PBXTargetDependency section */
		F90716392A975E8000F61631 /* PBXTargetDependency */ = {
			isa = PBXTargetDependency;
			target = F90716202A975E7E00F61631 /* UserSearch */;
			targetProxy = F90716382A975E8000F61631 /* PBXContainerItemProxy */;
		};
		F90716432A975E8000F61631 /* PBXTargetDependency */ = {
			isa = PBXTargetDependency;
			target = F90716202A975E7E00F61631 /* UserSearch */;
			targetProxy = F90716422A975E8000F61631 /* PBXContainerItemProxy */;
		};
/* End PBXTargetDependency section */

/* Begin PBXVariantGroup section */
		F907162F2A975E8000F61631 /* LaunchScreen.storyboard */ = {
			isa = PBXVariantGroup;
			children = (
				F90716302A975E8000F61631 /* Base */,
			);
			name = LaunchScreen.storyboard;
			sourceTree = "<group>";
		};
		F93CF9002A9764AD00086004 /* Main.storyboard */ = {
			isa = PBXVariantGroup;
			children = (
				F93CF9012A9764AD00086004 /* Base */,
			);
			name = Main.storyboard;
			sourceTree = "<group>";
		};
/* End PBXVariantGroup section */

/* Begin XCBuildConfiguration section */
		F90716492A975E8000F61631 /* Debug */ = {
			isa = XCBuildConfiguration;
			buildSettings = {
				ALWAYS_SEARCH_USER_PATHS = NO;
				CLANG_ANALYZER_NONNULL = YES;
				CLANG_ANALYZER_NUMBER_OBJECT_CONVERSION = YES_AGGRESSIVE;
				CLANG_CXX_LANGUAGE_STANDARD = "gnu++20";
				CLANG_ENABLE_MODULES = YES;
				CLANG_ENABLE_OBJC_ARC = YES;
				CLANG_ENABLE_OBJC_WEAK = YES;
				CLANG_WARN_BLOCK_CAPTURE_AUTORELEASING = YES;
				CLANG_WARN_BOOL_CONVERSION = YES;
				CLANG_WARN_COMMA = YES;
				CLANG_WARN_CONSTANT_CONVERSION = YES;
				CLANG_WARN_DEPRECATED_OBJC_IMPLEMENTATIONS = YES;
				CLANG_WARN_DIRECT_OBJC_ISA_USAGE = YES_ERROR;
				CLANG_WARN_DOCUMENTATION_COMMENTS = YES;
				CLANG_WARN_EMPTY_BODY = YES;
				CLANG_WARN_ENUM_CONVERSION = YES;
				CLANG_WARN_INFINITE_RECURSION = YES;
				CLANG_WARN_INT_CONVERSION = YES;
				CLANG_WARN_NON_LITERAL_NULL_CONVERSION = YES;
				CLANG_WARN_OBJC_IMPLICIT_RETAIN_SELF = YES;
				CLANG_WARN_OBJC_LITERAL_CONVERSION = YES;
				CLANG_WARN_OBJC_ROOT_CLASS = YES_ERROR;
				CLANG_WARN_QUOTED_INCLUDE_IN_FRAMEWORK_HEADER = YES;
				CLANG_WARN_RANGE_LOOP_ANALYSIS = YES;
				CLANG_WARN_STRICT_PROTOTYPES = YES;
				CLANG_WARN_SUSPICIOUS_MOVE = YES;
				CLANG_WARN_UNGUARDED_AVAILABILITY = YES_AGGRESSIVE;
				CLANG_WARN_UNREACHABLE_CODE = YES;
				CLANG_WARN__DUPLICATE_METHOD_MATCH = YES;
				COPY_PHASE_STRIP = NO;
				DEBUG_INFORMATION_FORMAT = dwarf;
				ENABLE_STRICT_OBJC_MSGSEND = YES;
				ENABLE_TESTABILITY = YES;
				GCC_C_LANGUAGE_STANDARD = gnu11;
				GCC_DYNAMIC_NO_PIC = NO;
				GCC_NO_COMMON_BLOCKS = YES;
				GCC_OPTIMIZATION_LEVEL = 0;
				GCC_PREPROCESSOR_DEFINITIONS = (
					"DEBUG=1",
					"$(inherited)",
				);
				GCC_WARN_64_TO_32_BIT_CONVERSION = YES;
				GCC_WARN_ABOUT_RETURN_TYPE = YES_ERROR;
				GCC_WARN_UNDECLARED_SELECTOR = YES;
				GCC_WARN_UNINITIALIZED_AUTOS = YES_AGGRESSIVE;
				GCC_WARN_UNUSED_FUNCTION = YES;
				GCC_WARN_UNUSED_VARIABLE = YES;
				IPHONEOS_DEPLOYMENT_TARGET = 16.4;
				MTL_ENABLE_DEBUG_INFO = INCLUDE_SOURCE;
				MTL_FAST_MATH = YES;
				ONLY_ACTIVE_ARCH = YES;
				SDKROOT = iphoneos;
				SWIFT_ACTIVE_COMPILATION_CONDITIONS = DEBUG;
				SWIFT_OPTIMIZATION_LEVEL = "-Onone";
			};
			name = Debug;
		};
		F907164A2A975E8000F61631 /* Release */ = {
			isa = XCBuildConfiguration;
			buildSettings = {
				ALWAYS_SEARCH_USER_PATHS = NO;
				CLANG_ANALYZER_NONNULL = YES;
				CLANG_ANALYZER_NUMBER_OBJECT_CONVERSION = YES_AGGRESSIVE;
				CLANG_CXX_LANGUAGE_STANDARD = "gnu++20";
				CLANG_ENABLE_MODULES = YES;
				CLANG_ENABLE_OBJC_ARC = YES;
				CLANG_ENABLE_OBJC_WEAK = YES;
				CLANG_WARN_BLOCK_CAPTURE_AUTORELEASING = YES;
				CLANG_WARN_BOOL_CONVERSION = YES;
				CLANG_WARN_COMMA = YES;
				CLANG_WARN_CONSTANT_CONVERSION = YES;
				CLANG_WARN_DEPRECATED_OBJC_IMPLEMENTATIONS = YES;
				CLANG_WARN_DIRECT_OBJC_ISA_USAGE = YES_ERROR;
				CLANG_WARN_DOCUMENTATION_COMMENTS = YES;
				CLANG_WARN_EMPTY_BODY = YES;
				CLANG_WARN_ENUM_CONVERSION = YES;
				CLANG_WARN_INFINITE_RECURSION = YES;
				CLANG_WARN_INT_CONVERSION = YES;
				CLANG_WARN_NON_LITERAL_NULL_CONVERSION = YES;
				CLANG_WARN_OBJC_IMPLICIT_RETAIN_SELF = YES;
				CLANG_WARN_OBJC_LITERAL_CONVERSION = YES;
				CLANG_WARN_OBJC_ROOT_CLASS = YES_ERROR;
				CLANG_WARN_QUOTED_INCLUDE_IN_FRAMEWORK_HEADER = YES;
				CLANG_WARN_RANGE_LOOP_ANALYSIS = YES;
				CLANG_WARN_STRICT_PROTOTYPES = YES;
				CLANG_WARN_SUSPICIOUS_MOVE = YES;
				CLANG_WARN_UNGUARDED_AVAILABILITY = YES_AGGRESSIVE;
				CLANG_WARN_UNREACHABLE_CODE = YES;
				CLANG_WARN__DUPLICATE_METHOD_MATCH = YES;
				COPY_PHASE_STRIP = NO;
				DEBUG_INFORMATION_FORMAT = "dwarf-with-dsym";
				ENABLE_NS_ASSERTIONS = NO;
				ENABLE_STRICT_OBJC_MSGSEND = YES;
				GCC_C_LANGUAGE_STANDARD = gnu11;
				GCC_NO_COMMON_BLOCKS = YES;
				GCC_WARN_64_TO_32_BIT_CONVERSION = YES;
				GCC_WARN_ABOUT_RETURN_TYPE = YES_ERROR;
				GCC_WARN_UNDECLARED_SELECTOR = YES;
				GCC_WARN_UNINITIALIZED_AUTOS = YES_AGGRESSIVE;
				GCC_WARN_UNUSED_FUNCTION = YES;
				GCC_WARN_UNUSED_VARIABLE = YES;
				IPHONEOS_DEPLOYMENT_TARGET = 16.4;
				MTL_ENABLE_DEBUG_INFO = NO;
				MTL_FAST_MATH = YES;
				SDKROOT = iphoneos;
				SWIFT_COMPILATION_MODE = wholemodule;
				SWIFT_OPTIMIZATION_LEVEL = "-O";
				VALIDATE_PRODUCT = YES;
			};
			name = Release;
		};
		F907164C2A975E8000F61631 /* Debug */ = {
			isa = XCBuildConfiguration;
			baseConfigurationReference = 248921AC82B75CF4B9264D2E /* Pods-UserSearch.debug.xcconfig */;
			buildSettings = {
				ASSETCATALOG_COMPILER_APPICON_NAME = AppIcon;
				ASSETCATALOG_COMPILER_GLOBAL_ACCENT_COLOR_NAME = AccentColor;
				CODE_SIGN_STYLE = Automatic;
				CURRENT_PROJECT_VERSION = 1;
				DEVELOPMENT_TEAM = 292W786ZTK;
				GENERATE_INFOPLIST_FILE = YES;
				INFOPLIST_FILE = UserSearch/Info.plist;
				INFOPLIST_KEY_UIApplicationSupportsIndirectInputEvents = YES;
				INFOPLIST_KEY_UILaunchStoryboardName = Home.storyboard;
				INFOPLIST_KEY_UIMainStoryboardFile = Main;
				INFOPLIST_KEY_UIStatusBarStyle = "";
				INFOPLIST_KEY_UISupportedInterfaceOrientations_iPad = "UIInterfaceOrientationPortrait UIInterfaceOrientationPortraitUpsideDown UIInterfaceOrientationLandscapeLeft UIInterfaceOrientationLandscapeRight";
				INFOPLIST_KEY_UISupportedInterfaceOrientations_iPhone = "UIInterfaceOrientationPortrait UIInterfaceOrientationLandscapeLeft UIInterfaceOrientationLandscapeRight";
				LD_RUNPATH_SEARCH_PATHS = (
					"$(inherited)",
					"@executable_path/Frameworks",
				);
				MARKETING_VERSION = 1.0;
				PRODUCT_BUNDLE_IDENTIFIER = com.andreisimedre.UserSearch;
				PRODUCT_NAME = "$(TARGET_NAME)";
				SWIFT_EMIT_LOC_STRINGS = YES;
				SWIFT_VERSION = 5.0;
				TARGETED_DEVICE_FAMILY = "1,2";
			};
			name = Debug;
		};
		F907164D2A975E8000F61631 /* Release */ = {
			isa = XCBuildConfiguration;
			baseConfigurationReference = 26B72136E2903C04FE8C27E9 /* Pods-UserSearch.release.xcconfig */;
			buildSettings = {
				ASSETCATALOG_COMPILER_APPICON_NAME = AppIcon;
				ASSETCATALOG_COMPILER_GLOBAL_ACCENT_COLOR_NAME = AccentColor;
				CODE_SIGN_STYLE = Automatic;
				CURRENT_PROJECT_VERSION = 1;
				DEVELOPMENT_TEAM = 292W786ZTK;
				GENERATE_INFOPLIST_FILE = YES;
				INFOPLIST_FILE = UserSearch/Info.plist;
				INFOPLIST_KEY_UIApplicationSupportsIndirectInputEvents = YES;
				INFOPLIST_KEY_UILaunchStoryboardName = Home.storyboard;
				INFOPLIST_KEY_UIMainStoryboardFile = Main;
				INFOPLIST_KEY_UIStatusBarStyle = "";
				INFOPLIST_KEY_UISupportedInterfaceOrientations_iPad = "UIInterfaceOrientationPortrait UIInterfaceOrientationPortraitUpsideDown UIInterfaceOrientationLandscapeLeft UIInterfaceOrientationLandscapeRight";
				INFOPLIST_KEY_UISupportedInterfaceOrientations_iPhone = "UIInterfaceOrientationPortrait UIInterfaceOrientationLandscapeLeft UIInterfaceOrientationLandscapeRight";
				LD_RUNPATH_SEARCH_PATHS = (
					"$(inherited)",
					"@executable_path/Frameworks",
				);
				MARKETING_VERSION = 1.0;
				PRODUCT_BUNDLE_IDENTIFIER = com.andreisimedre.UserSearch;
				PRODUCT_NAME = "$(TARGET_NAME)";
				SWIFT_EMIT_LOC_STRINGS = YES;
				SWIFT_VERSION = 5.0;
				TARGETED_DEVICE_FAMILY = "1,2";
			};
			name = Release;
		};
		F907164F2A975E8000F61631 /* Debug */ = {
			isa = XCBuildConfiguration;
			baseConfigurationReference = C275A6D11CE8D446E790AA28 /* Pods-UserSearchTests.debug.xcconfig */;
			buildSettings = {
				ALWAYS_EMBED_SWIFT_STANDARD_LIBRARIES = YES;
				BUNDLE_LOADER = "$(TEST_HOST)";
				CODE_SIGN_STYLE = Automatic;
				CURRENT_PROJECT_VERSION = 1;
				DEVELOPMENT_TEAM = 292W786ZTK;
				GENERATE_INFOPLIST_FILE = YES;
				IPHONEOS_DEPLOYMENT_TARGET = 16.4;
				MARKETING_VERSION = 1.0;
				PRODUCT_BUNDLE_IDENTIFIER = com.andreisimedre.UserSearchTests;
				PRODUCT_NAME = "$(TARGET_NAME)";
				SWIFT_EMIT_LOC_STRINGS = NO;
				SWIFT_VERSION = 5.0;
				TARGETED_DEVICE_FAMILY = "1,2";
				TEST_HOST = "$(BUILT_PRODUCTS_DIR)/UserSearch.app/$(BUNDLE_EXECUTABLE_FOLDER_PATH)/UserSearch";
			};
			name = Debug;
		};
		F90716502A975E8000F61631 /* Release */ = {
			isa = XCBuildConfiguration;
			baseConfigurationReference = 05C4B66533517BDCE88A9527 /* Pods-UserSearchTests.release.xcconfig */;
			buildSettings = {
				ALWAYS_EMBED_SWIFT_STANDARD_LIBRARIES = YES;
				BUNDLE_LOADER = "$(TEST_HOST)";
				CODE_SIGN_STYLE = Automatic;
				CURRENT_PROJECT_VERSION = 1;
				DEVELOPMENT_TEAM = 292W786ZTK;
				GENERATE_INFOPLIST_FILE = YES;
				IPHONEOS_DEPLOYMENT_TARGET = 16.4;
				MARKETING_VERSION = 1.0;
				PRODUCT_BUNDLE_IDENTIFIER = com.andreisimedre.UserSearchTests;
				PRODUCT_NAME = "$(TARGET_NAME)";
				SWIFT_EMIT_LOC_STRINGS = NO;
				SWIFT_VERSION = 5.0;
				TARGETED_DEVICE_FAMILY = "1,2";
				TEST_HOST = "$(BUILT_PRODUCTS_DIR)/UserSearch.app/$(BUNDLE_EXECUTABLE_FOLDER_PATH)/UserSearch";
			};
			name = Release;
		};
		F90716522A975E8000F61631 /* Debug */ = {
			isa = XCBuildConfiguration;
			baseConfigurationReference = FC8EBB272DE714F6D83CADC4 /* Pods-UserSearch-UserSearchUITests.debug.xcconfig */;
			buildSettings = {
				ALWAYS_EMBED_SWIFT_STANDARD_LIBRARIES = YES;
				CODE_SIGN_STYLE = Automatic;
				CURRENT_PROJECT_VERSION = 1;
				DEVELOPMENT_TEAM = 292W786ZTK;
				GENERATE_INFOPLIST_FILE = YES;
				MARKETING_VERSION = 1.0;
				PRODUCT_BUNDLE_IDENTIFIER = com.andreisimedre.UserSearchUITests;
				PRODUCT_NAME = "$(TARGET_NAME)";
				SWIFT_EMIT_LOC_STRINGS = NO;
				SWIFT_VERSION = 5.0;
				TARGETED_DEVICE_FAMILY = "1,2";
				TEST_TARGET_NAME = UserSearch;
			};
			name = Debug;
		};
		F90716532A975E8000F61631 /* Release */ = {
			isa = XCBuildConfiguration;
			baseConfigurationReference = 316FD3B426A2C125DD6C9C8D /* Pods-UserSearch-UserSearchUITests.release.xcconfig */;
			buildSettings = {
				ALWAYS_EMBED_SWIFT_STANDARD_LIBRARIES = YES;
				CODE_SIGN_STYLE = Automatic;
				CURRENT_PROJECT_VERSION = 1;
				DEVELOPMENT_TEAM = 292W786ZTK;
				GENERATE_INFOPLIST_FILE = YES;
				MARKETING_VERSION = 1.0;
				PRODUCT_BUNDLE_IDENTIFIER = com.andreisimedre.UserSearchUITests;
				PRODUCT_NAME = "$(TARGET_NAME)";
				SWIFT_EMIT_LOC_STRINGS = NO;
				SWIFT_VERSION = 5.0;
				TARGETED_DEVICE_FAMILY = "1,2";
				TEST_TARGET_NAME = UserSearch;
			};
			name = Release;
		};
/* End XCBuildConfiguration section */

/* Begin XCConfigurationList section */
		F907161C2A975E7E00F61631 /* Build configuration list for PBXProject "UserSearch" */ = {
			isa = XCConfigurationList;
			buildConfigurations = (
				F90716492A975E8000F61631 /* Debug */,
				F907164A2A975E8000F61631 /* Release */,
			);
			defaultConfigurationIsVisible = 0;
			defaultConfigurationName = Release;
		};
		F907164B2A975E8000F61631 /* Build configuration list for PBXNativeTarget "UserSearch" */ = {
			isa = XCConfigurationList;
			buildConfigurations = (
				F907164C2A975E8000F61631 /* Debug */,
				F907164D2A975E8000F61631 /* Release */,
			);
			defaultConfigurationIsVisible = 0;
			defaultConfigurationName = Release;
		};
		F907164E2A975E8000F61631 /* Build configuration list for PBXNativeTarget "UserSearchTests" */ = {
			isa = XCConfigurationList;
			buildConfigurations = (
				F907164F2A975E8000F61631 /* Debug */,
				F90716502A975E8000F61631 /* Release */,
			);
			defaultConfigurationIsVisible = 0;
			defaultConfigurationName = Release;
		};
		F90716512A975E8000F61631 /* Build configuration list for PBXNativeTarget "UserSearchUITests" */ = {
			isa = XCConfigurationList;
			buildConfigurations = (
				F90716522A975E8000F61631 /* Debug */,
				F90716532A975E8000F61631 /* Release */,
			);
			defaultConfigurationIsVisible = 0;
			defaultConfigurationName = Release;
		};
/* End XCConfigurationList section */
	};
	rootObject = F90716192A975E7E00F61631 /* Project object */;
}
